
Microsoft Visual Studio Solution File, Format Version 12.00
# Visual Studio Version 16
VisualStudioVersion = 16.0.31729.503
MinimumVisualStudioVersion = 10.0.40219.1
Project("{FAE04EC0-301F-11D3-BF4B-00C04F79EFBC}") = "SoftwareMonitorBackend", "SoftwareMonitorBackend\SoftwareMonitorBackend.csproj", "{7673BA56-93E3-4E1B-AA21-35B8D21BC99A}"
EndProject
Global
	GlobalSection(SolutionConfigurationPlatforms) = preSolution
		Debug|Any CPU = Debug|Any CPU
		Release|Any CPU = Release|Any CPU
	EndGlobalSection
	GlobalSection(ProjectConfigurationPlatforms) = postSolution
		{7673BA56-93E3-4E1B-AA21-35B8D21BC99A}.Debug|Any CPU.ActiveCfg = Debug|Any CPU
		{7673BA56-93E3-4E1B-AA21-35B8D21BC99A}.Debug|Any CPU.Build.0 = Debug|Any CPU
		{7673BA56-93E3-4E1B-AA21-35B8D21BC99A}.Release|Any CPU.ActiveCfg = Release|Any CPU
		{7673BA56-93E3-4E1B-AA21-35B8D21BC99A}.Release|Any CPU.Build.0 = Release|Any CPU
	EndGlobalSection
	GlobalSection(SolutionProperties) = preSolution
		HideSolutionNode = FALSE
	EndGlobalSection
	GlobalSection(ExtensibilityGlobals) = postSolution
		SolutionGuid = {F34AA82D-741F-4D97-919B-0789393693C9}
	EndGlobalSection
EndGlobal
